// !$*UTF8*$!
{
	archiveVersion = 1;
	classes = {
	};
	objectVersion = 56;
	objects = {

/* Begin PBXBuildFile section */
		D67F50B12CAEDEE00016D631 /* AppDelegate.swift in Sources */ = {isa = PBXBuildFile; fileRef = D67F50B02CAEDEE00016D631 /* AppDelegate.swift */; };
		D67F50B32CAEDEE00016D631 /* SceneDelegate.swift in Sources */ = {isa = PBXBuildFile; fileRef = D67F50B22CAEDEE00016D631 /* SceneDelegate.swift */; };
		D67F50B52CAEDEE00016D631 /* ViewController.swift in Sources */ = {isa = PBXBuildFile; fileRef = D67F50B42CAEDEE00016D631 /* ViewController.swift */; };
		D67F50B82CAEDEE00016D631 /* Base in Resources */ = {isa = PBXBuildFile; fileRef = D67F50B72CAEDEE00016D631 /* Base */; };
		D67F50BA2CAEDEE10016D631 /* Assets.xcassets in Resources */ = {isa = PBXBuildFile; fileRef = D67F50B92CAEDEE10016D631 /* Assets.xcassets */; };
		D67F50BD2CAEDEE10016D631 /* Base in Resources */ = {isa = PBXBuildFile; fileRef = D67F50BC2CAEDEE10016D631 /* Base */; };
		D67F50C82CAEDEE10016D631 /* MemeMakerTests.swift in Sources */ = {isa = PBXBuildFile; fileRef = D67F50C72CAEDEE10016D631 /* MemeMakerTests.swift */; };
		D67F50D22CAEDEE10016D631 /* MemeMakerUITests.swift in Sources */ = {isa = PBXBuildFile; fileRef = D67F50D12CAEDEE10016D631 /* MemeMakerUITests.swift */; };
		D67F50D42CAEDEE10016D631 /* MemeMakerUITestsLaunchTests.swift in Sources */ = {isa = PBXBuildFile; fileRef = D67F50D32CAEDEE10016D631 /* MemeMakerUITestsLaunchTests.swift */; };
		D67F50E12CAEE3990016D631 /* CaptionOption.swift in Sources */ = {isa = PBXBuildFile; fileRef = D67F50E02CAEE3990016D631 /* CaptionOption.swift */; };
/* End PBXBuildFile section */

/* Begin PBXContainerItemProxy section */
		D67F50C42CAEDEE10016D631 /* PBXContainerItemProxy */ = {
			isa = PBXContainerItemProxy;
			containerPortal = D67F50A52CAEDEE00016D631 /* Project object */;
			proxyType = 1;
			remoteGlobalIDString = D67F50AC2CAEDEE00016D631;
			remoteInfo = MemeMaker;
		};
		D67F50CE2CAEDEE10016D631 /* PBXContainerItemProxy */ = {
			isa = PBXContainerItemProxy;
			containerPortal = D67F50A52CAEDEE00016D631 /* Project object */;
			proxyType = 1;
			remoteGlobalIDString = D67F50AC2CAEDEE00016D631;
			remoteInfo = MemeMaker;
		};
/* End PBXContainerItemProxy section */

/* Begin PBXFileReference section */
		D67F50AD2CAEDEE00016D631 /* MemeMaker.app */ = {isa = PBXFileReference; explicitFileType = wrapper.application; includeInIndex = 0; path = MemeMaker.app; sourceTree = BUILT_PRODUCTS_DIR; };
		D67F50B02CAEDEE00016D631 /* AppDelegate.swift */ = {isa = PBXFileReference; lastKnownFileType = sourcecode.swift; path = AppDelegate.swift; sourceTree = "<group>"; };
		D67F50B22CAEDEE00016D631 /* SceneDelegate.swift */ = {isa = PBXFileReference; lastKnownFileType = sourcecode.swift; path = SceneDelegate.swift; sourceTree = "<group>"; };
		D67F50B42CAEDEE00016D631 /* ViewController.swift */ = {isa = PBXFileReference; lastKnownFileType = sourcecode.swift; path = ViewController.swift; sourceTree = "<group>"; };
		D67F50B72CAEDEE00016D631 /* Base */ = {isa = PBXFileReference; lastKnownFileType = file.storyboard; name = Base; path = Base.lproj/Main.storyboard; sourceTree = "<group>"; };
		D67F50B92CAEDEE10016D631 /* Assets.xcassets */ = {isa = PBXFileReference; lastKnownFileType = folder.assetcatalog; path = Assets.xcassets; sourceTree = "<group>"; };
		D67F50BC2CAEDEE10016D631 /* Base */ = {isa = PBXFileReference; lastKnownFileType = file.storyboard; name = Base; path = Base.lproj/LaunchScreen.storyboard; sourceTree = "<group>"; };
		D67F50BE2CAEDEE10016D631 /* Info.plist */ = {isa = PBXFileReference; lastKnownFileType = text.plist.xml; path = Info.plist; sourceTree = "<group>"; };
		D67F50C32CAEDEE10016D631 /* MemeMakerTests.xctest */ = {isa = PBXFileReference; explicitFileType = wrapper.cfbundle; includeInIndex = 0; path = MemeMakerTests.xctest; sourceTree = BUILT_PRODUCTS_DIR; };
		D67F50C72CAEDEE10016D631 /* MemeMakerTests.swift */ = {isa = PBXFileReference; lastKnownFileType = sourcecode.swift; path = MemeMakerTests.swift; sourceTree = "<group>"; };
		D67F50CD2CAEDEE10016D631 /* MemeMakerUITests.xctest */ = {isa = PBXFileReference; explicitFileType = wrapper.cfbundle; includeInIndex = 0; path = MemeMakerUITests.xctest; sourceTree = BUILT_PRODUCTS_DIR; };
		D67F50D12CAEDEE10016D631 /* MemeMakerUITests.swift */ = {isa = PBXFileReference; lastKnownFileType = sourcecode.swift; path = MemeMakerUITests.swift; sourceTree = "<group>"; };
		D67F50D32CAEDEE10016D631 /* MemeMakerUITestsLaunchTests.swift */ = {isa = PBXFileReference; lastKnownFileType = sourcecode.swift; path = MemeMakerUITestsLaunchTests.swift; sourceTree = "<group>"; };
		D67F50E02CAEE3990016D631 /* CaptionOption.swift */ = {isa = PBXFileReference; lastKnownFileType = sourcecode.swift; path = CaptionOption.swift; sourceTree = "<group>"; };
/* End PBXFileReference section */

/* Begin PBXFrameworksBuildPhase section */
		D67F50AA2CAEDEE00016D631 /* Frameworks */ = {
			isa = PBXFrameworksBuildPhase;
			buildActionMask = 2147483647;
			files = (
			);
			runOnlyForDeploymentPostprocessing = 0;
		};
		D67F50C02CAEDEE10016D631 /* Frameworks */ = {
			isa = PBXFrameworksBuildPhase;
			buildActionMask = 2147483647;
			files = (
			);
			runOnlyForDeploymentPostprocessing = 0;
		};
		D67F50CA2CAEDEE10016D631 /* Frameworks */ = {
			isa = PBXFrameworksBuildPhase;
			buildActionMask = 2147483647;
			files = (
			);
			runOnlyForDeploymentPostprocessing = 0;
		};
/* End PBXFrameworksBuildPhase section */

/* Begin PBXGroup section */
		D67F50A42CAEDEE00016D631 = {
			isa = PBXGroup;
			children = (
				D67F50AF2CAEDEE00016D631 /* MemeMaker */,
				D67F50C62CAEDEE10016D631 /* MemeMakerTests */,
				D67F50D02CAEDEE10016D631 /* MemeMakerUITests */,
				D67F50AE2CAEDEE00016D631 /* Products */,
			);
			sourceTree = "<group>";
		};
		D67F50AE2CAEDEE00016D631 /* Products */ = {
			isa = PBXGroup;
			children = (
				D67F50AD2CAEDEE00016D631 /* MemeMaker.app */,
				D67F50C32CAEDEE10016D631 /* MemeMakerTests.xctest */,
				D67F50CD2CAEDEE10016D631 /* MemeMakerUITests.xctest */,
			);
			name = Products;
			sourceTree = "<group>";
		};
		D67F50AF2CAEDEE00016D631 /* MemeMaker */ = {
			isa = PBXGroup;
			children = (
				D67F50B02CAEDEE00016D631 /* AppDelegate.swift */,
				D67F50B22CAEDEE00016D631 /* SceneDelegate.swift */,
				D67F50B42CAEDEE00016D631 /* ViewController.swift */,
				D67F50B62CAEDEE00016D631 /* Main.storyboard */,
				D67F50E02CAEE3990016D631 /* CaptionOption.swift */,
				D67F50B92CAEDEE10016D631 /* Assets.xcassets */,
				D67F50BB2CAEDEE10016D631 /* LaunchScreen.storyboard */,
				D67F50BE2CAEDEE10016D631 /* Info.plist */,
			);
			path = MemeMaker;
			sourceTree = "<group>";
		};
		D67F50C62CAEDEE10016D631 /* MemeMakerTests */ = {
			isa = PBXGroup;
			children = (
				D67F50C72CAEDEE10016D631 /* MemeMakerTests.swift */,
			);
			path = MemeMakerTests;
			sourceTree = "<group>";
		};
		D67F50D02CAEDEE10016D631 /* MemeMakerUITests */ = {
			isa = PBXGroup;
			children = (
				D67F50D12CAEDEE10016D631 /* MemeMakerUITests.swift */,
				D67F50D32CAEDEE10016D631 /* MemeMakerUITestsLaunchTests.swift */,
			);
			path = MemeMakerUITests;
			sourceTree = "<group>";
		};
/* End PBXGroup section */

/* Begin PBXNativeTarget section */
		D67F50AC2CAEDEE00016D631 /* MemeMaker */ = {
			isa = PBXNativeTarget;
			buildConfigurationList = D67F50D72CAEDEE10016D631 /* Build configuration list for PBXNativeTarget "MemeMaker" */;
			buildPhases = (
				D67F50A92CAEDEE00016D631 /* Sources */,
				D67F50AA2CAEDEE00016D631 /* Frameworks */,
				D67F50AB2CAEDEE00016D631 /* Resources */,
			);
			buildRules = (
			);
			dependencies = (
			);
			name = MemeMaker;
			productName = MemeMaker;
			productReference = D67F50AD2CAEDEE00016D631 /* MemeMaker.app */;
			productType = "com.apple.product-type.application";
		};
		D67F50C22CAEDEE10016D631 /* MemeMakerTests */ = {
			isa = PBXNativeTarget;
			buildConfigurationList = D67F50DA2CAEDEE10016D631 /* Build configuration list for PBXNativeTarget "MemeMakerTests" */;
			buildPhases = (
				D67F50BF2CAEDEE10016D631 /* Sources */,
				D67F50C02CAEDEE10016D631 /* Frameworks */,
				D67F50C12CAEDEE10016D631 /* Resources */,
			);
			buildRules = (
			);
			dependencies = (
				D67F50C52CAEDEE10016D631 /* PBXTargetDependency */,
			);
			name = MemeMakerTests;
			productName = MemeMakerTests;
			productReference = D67F50C32CAEDEE10016D631 /* MemeMakerTests.xctest */;
			productType = "com.apple.product-type.bundle.unit-test";
		};
		D67F50CC2CAEDEE10016D631 /* MemeMakerUITests */ = {
			isa = PBXNativeTarget;
			buildConfigurationList = D67F50DD2CAEDEE10016D631 /* Build configuration list for PBXNativeTarget "MemeMakerUITests" */;
			buildPhases = (
				D67F50C92CAEDEE10016D631 /* Sources */,
				D67F50CA2CAEDEE10016D631 /* Frameworks */,
				D67F50CB2CAEDEE10016D631 /* Resources */,
			);
			buildRules = (
			);
			dependencies = (
				D67F50CF2CAEDEE10016D631 /* PBXTargetDependency */,
			);
			name = MemeMakerUITests;
			productName = MemeMakerUITests;
			productReference = D67F50CD2CAEDEE10016D631 /* MemeMakerUITests.xctest */;
			productType = "com.apple.product-type.bundle.ui-testing";
		};
/* End PBXNativeTarget section */

/* Begin PBXProject section */
		D67F50A52CAEDEE00016D631 /* Project object */ = {
			isa = PBXProject;
			attributes = {
				BuildIndependentTargetsInParallel = 1;
				LastSwiftUpdateCheck = 1540;
				LastUpgradeCheck = 1540;
				TargetAttributes = {
					D67F50AC2CAEDEE00016D631 = {
						CreatedOnToolsVersion = 15.4;
					};
					D67F50C22CAEDEE10016D631 = {
						CreatedOnToolsVersion = 15.4;
						TestTargetID = D67F50AC2CAEDEE00016D631;
					};
					D67F50CC2CAEDEE10016D631 = {
						CreatedOnToolsVersion = 15.4;
						TestTargetID = D67F50AC2CAEDEE00016D631;
					};
				};
			};
			buildConfigurationList = D67F50A82CAEDEE00016D631 /* Build configuration list for PBXProject "MemeMaker" */;
			compatibilityVersion = "Xcode 14.0";
			developmentRegion = en;
			hasScannedForEncodings = 0;
			knownRegions = (
				en,
				Base,
			);
			mainGroup = D67F50A42CAEDEE00016D631;
			productRefGroup = D67F50AE2CAEDEE00016D631 /* Products */;
			projectDirPath = "";
			projectRoot = "";
			targets = (
				D67F50AC2CAEDEE00016D631 /* MemeMaker */,
				D67F50C22CAEDEE10016D631 /* MemeMakerTests */,
				D67F50CC2CAEDEE10016D631 /* MemeMakerUITests */,
			);
		};
/* End PBXProject section */

/* Begin PBXResourcesBuildPhase section */
		D67F50AB2CAEDEE00016D631 /* Resources */ = {
			isa = PBXResourcesBuildPhase;
			buildActionMask = 2147483647;
			files = (
				D67F50BA2CAEDEE10016D631 /* Assets.xcassets in Resources */,
				D67F50BD2CAEDEE10016D631 /* Base in Resources */,
				D67F50B82CAEDEE00016D631 /* Base in Resources */,
			);
			runOnlyForDeploymentPostprocessing = 0;
		};
		D67F50C12CAEDEE10016D631 /* Resources */ = {
			isa = PBXResourcesBuildPhase;
			buildActionMask = 2147483647;
			files = (
			);
			runOnlyForDeploymentPostprocessing = 0;
		};
		D67F50CB2CAEDEE10016D631 /* Resources */ = {
			isa = PBXResourcesBuildPhase;
			buildActionMask = 2147483647;
			files = (
			);
			runOnlyForDeploymentPostprocessing = 0;
		};
/* End PBXResourcesBuildPhase section */

/* Begin PBXSourcesBuildPhase section */
		D67F50A92CAEDEE00016D631 /* Sources */ = {
			isa = PBXSourcesBuildPhase;
			buildActionMask = 2147483647;
			files = (
				D67F50B52CAEDEE00016D631 /* ViewController.swift in Sources */,
				D67F50E12CAEE3990016D631 /* CaptionOption.swift in Sources */,
				D67F50B12CAEDEE00016D631 /* AppDelegate.swift in Sources */,
				D67F50B32CAEDEE00016D631 /* SceneDelegate.swift in Sources */,
			);
			runOnlyForDeploymentPostprocessing = 0;
		};
		D67F50BF2CAEDEE10016D631 /* Sources */ = {
			isa = PBXSourcesBuildPhase;
			buildActionMask = 2147483647;
			files = (
				D67F50C82CAEDEE10016D631 /* MemeMakerTests.swift in Sources */,
			);
			runOnlyForDeploymentPostprocessing = 0;
		};
		D67F50C92CAEDEE10016D631 /* Sources */ = {
			isa = PBXSourcesBuildPhase;
			buildActionMask = 2147483647;
			files = (
				D67F50D22CAEDEE10016D631 /* MemeMakerUITests.swift in Sources */,
				D67F50D42CAEDEE10016D631 /* MemeMakerUITestsLaunchTests.swift in Sources */,
			);
			runOnlyForDeploymentPostprocessing = 0;
		};
/* End PBXSourcesBuildPhase section */

/* Begin PBXTargetDependency section */
		D67F50C52CAEDEE10016D631 /* PBXTargetDependency */ = {
			isa = PBXTargetDependency;
			target = D67F50AC2CAEDEE00016D631 /* MemeMaker */;
			targetProxy = D67F50C42CAEDEE10016D631 /* PBXContainerItemProxy */;
		};
		D67F50CF2CAEDEE10016D631 /* PBXTargetDependency */ = {
			isa = PBXTargetDependency;
			target = D67F50AC2CAEDEE00016D631 /* MemeMaker */;
			targetProxy = D67F50CE2CAEDEE10016D631 /* PBXContainerItemProxy */;
		};
/* End PBXTargetDependency section */

/* Begin PBXVariantGroup section */
		D67F50B62CAEDEE00016D631 /* Main.storyboard */ = {
			isa = PBXVariantGroup;
			children = (
				D67F50B72CAEDEE00016D631 /* Base */,
			);
			name = Main.storyboard;
			sourceTree = "<group>";
		};
		D67F50BB2CAEDEE10016D631 /* LaunchScreen.storyboard */ = {
			isa = PBXVariantGroup;
			children = (
				D67F50BC2CAEDEE10016D631 /* Base */,
			);
			name = LaunchScreen.storyboard;
			sourceTree = "<group>";
		};
/* End PBXVariantGroup section */

/* Begin XCBuildConfiguration section */
		D67F50D52CAEDEE10016D631 /* Debug */ = {
			isa = XCBuildConfiguration;
			buildSettings = {
				ALWAYS_SEARCH_USER_PATHS = NO;
				ASSETCATALOG_COMPILER_GENERATE_SWIFT_ASSET_SYMBOL_EXTENSIONS = YES;
				CLANG_ANALYZER_NONNULL = YES;
				CLANG_ANALYZER_NUMBER_OBJECT_CONVERSION = YES_AGGRESSIVE;
				CLANG_CXX_LANGUAGE_STANDARD = "gnu++20";
				CLANG_ENABLE_MODULES = YES;
				CLANG_ENABLE_OBJC_ARC = YES;
				CLANG_ENABLE_OBJC_WEAK = YES;
				CLANG_WARN_BLOCK_CAPTURE_AUTORELEASING = YES;
				CLANG_WARN_BOOL_CONVERSION = YES;
				CLANG_WARN_COMMA = YES;
				CLANG_WARN_CONSTANT_CONVERSION = YES;
				CLANG_WARN_DEPRECATED_OBJC_IMPLEMENTATIONS = YES;
				CLANG_WARN_DIRECT_OBJC_ISA_USAGE = YES_ERROR;
				CLANG_WARN_DOCUMENTATION_COMMENTS = YES;
				CLANG_WARN_EMPTY_BODY = YES;
				CLANG_WARN_ENUM_CONVERSION = YES;
				CLANG_WARN_INFINITE_RECURSION = YES;
				CLANG_WARN_INT_CONVERSION = YES;
				CLANG_WARN_NON_LITERAL_NULL_CONVERSION = YES;
				CLANG_WARN_OBJC_IMPLICIT_RETAIN_SELF = YES;
				CLANG_WARN_OBJC_LITERAL_CONVERSION = YES;
				CLANG_WARN_OBJC_ROOT_CLASS = YES_ERROR;
				CLANG_WARN_QUOTED_INCLUDE_IN_FRAMEWORK_HEADER = YES;
				CLANG_WARN_RANGE_LOOP_ANALYSIS = YES;
				CLANG_WARN_STRICT_PROTOTYPES = YES;
				CLANG_WARN_SUSPICIOUS_MOVE = YES;
				CLANG_WARN_UNGUARDED_AVAILABILITY = YES_AGGRESSIVE;
				CLANG_WARN_UNREACHABLE_CODE = YES;
				CLANG_WARN__DUPLICATE_METHOD_MATCH = YES;
				COPY_PHASE_STRIP = NO;
				DEBUG_INFORMATION_FORMAT = dwarf;
				ENABLE_STRICT_OBJC_MSGSEND = YES;
				ENABLE_TESTABILITY = YES;
				ENABLE_USER_SCRIPT_SANDBOXING = YES;
				GCC_C_LANGUAGE_STANDARD = gnu17;
				GCC_DYNAMIC_NO_PIC = NO;
				GCC_NO_COMMON_BLOCKS = YES;
				GCC_OPTIMIZATION_LEVEL = 0;
				GCC_PREPROCESSOR_DEFINITIONS = (
					"DEBUG=1",
					"$(inherited)",
				);
				GCC_WARN_64_TO_32_BIT_CONVERSION = YES;
				GCC_WARN_ABOUT_RETURN_TYPE = YES_ERROR;
				GCC_WARN_UNDECLARED_SELECTOR = YES;
				GCC_WARN_UNINITIALIZED_AUTOS = YES_AGGRESSIVE;
				GCC_WARN_UNUSED_FUNCTION = YES;
				GCC_WARN_UNUSED_VARIABLE = YES;
				IPHONEOS_DEPLOYMENT_TARGET = 17.5;
				LOCALIZATION_PREFERS_STRING_CATALOGS = YES;
				MTL_ENABLE_DEBUG_INFO = INCLUDE_SOURCE;
				MTL_FAST_MATH = YES;
				ONLY_ACTIVE_ARCH = YES;
				SDKROOT = iphoneos;
				SWIFT_ACTIVE_COMPILATION_CONDITIONS = "DEBUG $(inherited)";
				SWIFT_OPTIMIZATION_LEVEL = "-Onone";
			};
			name = Debug;
		};
		D67F50D62CAEDEE10016D631 /* Release */ = {
			isa = XCBuildConfiguration;
			buildSettings = {
				ALWAYS_SEARCH_USER_PATHS = NO;
				ASSETCATALOG_COMPILER_GENERATE_SWIFT_ASSET_SYMBOL_EXTENSIONS = YES;
				CLANG_ANALYZER_NONNULL = YES;
				CLANG_ANALYZER_NUMBER_OBJECT_CONVERSION = YES_AGGRESSIVE;
				CLANG_CXX_LANGUAGE_STANDARD = "gnu++20";
				CLANG_ENABLE_MODULES = YES;
				CLANG_ENABLE_OBJC_ARC = YES;
				CLANG_ENABLE_OBJC_WEAK = YES;
				CLANG_WARN_BLOCK_CAPTURE_AUTORELEASING = YES;
				CLANG_WARN_BOOL_CONVERSION = YES;
				CLANG_WARN_COMMA = YES;
				CLANG_WARN_CONSTANT_CONVERSION = YES;
				CLANG_WARN_DEPRECATED_OBJC_IMPLEMENTATIONS = YES;
				CLANG_WARN_DIRECT_OBJC_ISA_USAGE = YES_ERROR;
				CLANG_WARN_DOCUMENTATION_COMMENTS = YES;
				CLANG_WARN_EMPTY_BODY = YES;
				CLANG_WARN_ENUM_CONVERSION = YES;
				CLANG_WARN_INFINITE_RECURSION = YES;
				CLANG_WARN_INT_CONVERSION = YES;
				CLANG_WARN_NON_LITERAL_NULL_CONVERSION = YES;
				CLANG_WARN_OBJC_IMPLICIT_RETAIN_SELF = YES;
				CLANG_WARN_OBJC_LITERAL_CONVERSION = YES;
				CLANG_WARN_OBJC_ROOT_CLASS = YES_ERROR;
				CLANG_WARN_QUOTED_INCLUDE_IN_FRAMEWORK_HEADER = YES;
				CLANG_WARN_RANGE_LOOP_ANALYSIS = YES;
				CLANG_WARN_STRICT_PROTOTYPES = YES;
				CLANG_WARN_SUSPICIOUS_MOVE = YES;
				CLANG_WARN_UNGUARDED_AVAILABILITY = YES_AGGRESSIVE;
				CLANG_WARN_UNREACHABLE_CODE = YES;
				CLANG_WARN__DUPLICATE_METHOD_MATCH = YES;
				COPY_PHASE_STRIP = NO;
				DEBUG_INFORMATION_FORMAT = "dwarf-with-dsym";
				ENABLE_NS_ASSERTIONS = NO;
				ENABLE_STRICT_OBJC_MSGSEND = YES;
				ENABLE_USER_SCRIPT_SANDBOXING = YES;
				GCC_C_LANGUAGE_STANDARD = gnu17;
				GCC_NO_COMMON_BLOCKS = YES;
				GCC_WARN_64_TO_32_BIT_CONVERSION = YES;
				GCC_WARN_ABOUT_RETURN_TYPE = YES_ERROR;
				GCC_WARN_UNDECLARED_SELECTOR = YES;
				GCC_WARN_UNINITIALIZED_AUTOS = YES_AGGRESSIVE;
				GCC_WARN_UNUSED_FUNCTION = YES;
				GCC_WARN_UNUSED_VARIABLE = YES;
				IPHONEOS_DEPLOYMENT_TARGET = 17.5;
				LOCALIZATION_PREFERS_STRING_CATALOGS = YES;
				MTL_ENABLE_DEBUG_INFO = NO;
				MTL_FAST_MATH = YES;
				SDKROOT = iphoneos;
				SWIFT_COMPILATION_MODE = wholemodule;
				VALIDATE_PRODUCT = YES;
			};
			name = Release;
		};
		D67F50D82CAEDEE10016D631 /* Debug */ = {
			isa = XCBuildConfiguration;
			buildSettings = {
				ASSETCATALOG_COMPILER_APPICON_NAME = AppIcon;
				ASSETCATALOG_COMPILER_GLOBAL_ACCENT_COLOR_NAME = AccentColor;
				CODE_SIGN_STYLE = Automatic;
				CURRENT_PROJECT_VERSION = 1;
				GENERATE_INFOPLIST_FILE = YES;
				INFOPLIST_FILE = MemeMaker/Info.plist;
				INFOPLIST_KEY_UIApplicationSupportsIndirectInputEvents = YES;
				INFOPLIST_KEY_UILaunchStoryboardName = LaunchScreen;
				INFOPLIST_KEY_UIMainStoryboardFile = Main;
				INFOPLIST_KEY_UISupportedInterfaceOrientations_iPad = "UIInterfaceOrientationPortrait UIInterfaceOrientationPortraitUpsideDown UIInterfaceOrientationLandscapeLeft UIInterfaceOrientationLandscapeRight";
				INFOPLIST_KEY_UISupportedInterfaceOrientations_iPhone = "UIInterfaceOrientationPortrait UIInterfaceOrientationLandscapeLeft UIInterfaceOrientationLandscapeRight";
				LD_RUNPATH_SEARCH_PATHS = (
					"$(inherited)",
					"@executable_path/Frameworks",
				);
				MARKETING_VERSION = 1.0;
				PRODUCT_BUNDLE_IDENTIFIER = con.example.MemeMaker;
				PRODUCT_NAME = "$(TARGET_NAME)";
				SWIFT_EMIT_LOC_STRINGS = YES;
				SWIFT_VERSION = 5.0;
				TARGETED_DEVICE_FAMILY = "1,2";
			};
			name = Debug;
		};
		D67F50D92CAEDEE10016D631 /* Release */ = {
			isa = XCBuildConfiguration;
			buildSettings = {
				ASSETCATALOG_COMPILER_APPICON_NAME = AppIcon;
				ASSETCATALOG_COMPILER_GLOBAL_ACCENT_COLOR_NAME = AccentColor;
				CODE_SIGN_STYLE = Automatic;
				CURRENT_PROJECT_VERSION = 1;
				GENERATE_INFOPLIST_FILE = YES;
				INFOPLIST_FILE = MemeMaker/Info.plist;
				INFOPLIST_KEY_UIApplicationSupportsIndirectInputEvents = YES;
				INFOPLIST_KEY_UILaunchStoryboardName = LaunchScreen;
				INFOPLIST_KEY_UIMainStoryboardFile = Main;
				INFOPLIST_KEY_UISupportedInterfaceOrientations_iPad = "UIInterfaceOrientationPortrait UIInterfaceOrientationPortraitUpsideDown UIInterfaceOrientationLandscapeLeft UIInterfaceOrientationLandscapeRight";
				INFOPLIST_KEY_UISupportedInterfaceOrientations_iPhone = "UIInterfaceOrientationPortrait UIInterfaceOrientationLandscapeLeft UIInterfaceOrientationLandscapeRight";
				LD_RUNPATH_SEARCH_PATHS = (
					"$(inherited)",
					"@executable_path/Frameworks",
				);
				MARKETING_VERSION = 1.0;
				PRODUCT_BUNDLE_IDENTIFIER = con.example.MemeMaker;
				PRODUCT_NAME = "$(TARGET_NAME)";
				SWIFT_EMIT_LOC_STRINGS = YES;
				SWIFT_VERSION = 5.0;
				TARGETED_DEVICE_FAMILY = "1,2";
			};
			name = Release;
		};
		D67F50DB2CAEDEE10016D631 /* Debug */ = {
			isa = XCBuildConfiguration;
			buildSettings = {
				ALWAYS_EMBED_SWIFT_STANDARD_LIBRARIES = YES;
				BUNDLE_LOADER = "$(TEST_HOST)";
				CODE_SIGN_STYLE = Automatic;
				CURRENT_PROJECT_VERSION = 1;
				GENERATE_INFOPLIST_FILE = YES;
				IPHONEOS_DEPLOYMENT_TARGET = 17.5;
				MARKETING_VERSION = 1.0;
				PRODUCT_BUNDLE_IDENTIFIER = con.example.MemeMakerTests;
				PRODUCT_NAME = "$(TARGET_NAME)";
				SWIFT_EMIT_LOC_STRINGS = NO;
				SWIFT_VERSION = 5.0;
				TARGETED_DEVICE_FAMILY = "1,2";
				TEST_HOST = "$(BUILT_PRODUCTS_DIR)/MemeMaker.app/$(BUNDLE_EXECUTABLE_FOLDER_PATH)/MemeMaker";
			};
			name = Debug;
		};
		D67F50DC2CAEDEE10016D631 /* Release */ = {
			isa = XCBuildConfiguration;
			buildSettings = {
				ALWAYS_EMBED_SWIFT_STANDARD_LIBRARIES = YES;
				BUNDLE_LOADER = "$(TEST_HOST)";
				CODE_SIGN_STYLE = Automatic;
				CURRENT_PROJECT_VERSION = 1;
				GENERATE_INFOPLIST_FILE = YES;
				IPHONEOS_DEPLOYMENT_TARGET = 17.5;
				MARKETING_VERSION = 1.0;
				PRODUCT_BUNDLE_IDENTIFIER = con.example.MemeMakerTests;
				PRODUCT_NAME = "$(TARGET_NAME)";
				SWIFT_EMIT_LOC_STRINGS = NO;
				SWIFT_VERSION = 5.0;
				TARGETED_DEVICE_FAMILY = "1,2";
				TEST_HOST = "$(BUILT_PRODUCTS_DIR)/MemeMaker.app/$(BUNDLE_EXECUTABLE_FOLDER_PATH)/MemeMaker";
			};
			name = Release;
		};
		D67F50DE2CAEDEE10016D631 /* Debug */ = {
			isa = XCBuildConfiguration;
			buildSettings = {
				ALWAYS_EMBED_SWIFT_STANDARD_LIBRARIES = YES;
				CODE_SIGN_STYLE = Automatic;
				CURRENT_PROJECT_VERSION = 1;
				GENERATE_INFOPLIST_FILE = YES;
				MARKETING_VERSION = 1.0;
				PRODUCT_BUNDLE_IDENTIFIER = con.example.MemeMakerUITests;
				PRODUCT_NAME = "$(TARGET_NAME)";
				SWIFT_EMIT_LOC_STRINGS = NO;
				SWIFT_VERSION = 5.0;
				TARGETED_DEVICE_FAMILY = "1,2";
				TEST_TARGET_NAME = MemeMaker;
			};
			name = Debug;
		};
		D67F50DF2CAEDEE10016D631 /* Release */ = {
			isa = XCBuildConfiguration;
			buildSettings = {
				ALWAYS_EMBED_SWIFT_STANDARD_LIBRARIES = YES;
				CODE_SIGN_STYLE = Automatic;
				CURRENT_PROJECT_VERSION = 1;
				GENERATE_INFOPLIST_FILE = YES;
				MARKETING_VERSION = 1.0;
				PRODUCT_BUNDLE_IDENTIFIER = con.example.MemeMakerUITests;
				PRODUCT_NAME = "$(TARGET_NAME)";
				SWIFT_EMIT_LOC_STRINGS = NO;
				SWIFT_VERSION = 5.0;
				TARGETED_DEVICE_FAMILY = "1,2";
				TEST_TARGET_NAME = MemeMaker;
			};
			name = Release;
		};
/* End XCBuildConfiguration section */

/* Begin XCConfigurationList section */
		D67F50A82CAEDEE00016D631 /* Build configuration list for PBXProject "MemeMaker" */ = {
			isa = XCConfigurationList;
			buildConfigurations = (
				D67F50D52CAEDEE10016D631 /* Debug */,
				D67F50D62CAEDEE10016D631 /* Release */,
			);
			defaultConfigurationIsVisible = 0;
			defaultConfigurationName = Release;
		};
		D67F50D72CAEDEE10016D631 /* Build configuration list for PBXNativeTarget "MemeMaker" */ = {
			isa = XCConfigurationList;
			buildConfigurations = (
				D67F50D82CAEDEE10016D631 /* Debug */,
				D67F50D92CAEDEE10016D631 /* Release */,
			);
			defaultConfigurationIsVisible = 0;
			defaultConfigurationName = Release;
		};
		D67F50DA2CAEDEE10016D631 /* Build configuration list for PBXNativeTarget "MemeMakerTests" */ = {
			isa = XCConfigurationList;
			buildConfigurations = (
				D67F50DB2CAEDEE10016D631 /* Debug */,
				D67F50DC2CAEDEE10016D631 /* Release */,
			);
			defaultConfigurationIsVisible = 0;
			defaultConfigurationName = Release;
		};
		D67F50DD2CAEDEE10016D631 /* Build configuration list for PBXNativeTarget "MemeMakerUITests" */ = {
			isa = XCConfigurationList;
			buildConfigurations = (
				D67F50DE2CAEDEE10016D631 /* Debug */,
				D67F50DF2CAEDEE10016D631 /* Release */,
			);
			defaultConfigurationIsVisible = 0;
			defaultConfigurationName = Release;
		};
/* End XCConfigurationList section */
	};
	rootObject = D67F50A52CAEDEE00016D631 /* Project object */;
}
